// !$*UTF8*$!
{
	archiveVersion = 1;
	classes = {
	};
	objectVersion = 46;
	objects = {

/* Begin PBXBuildFile section */
		1AC6FB21180E996B004C840B /* libcocos2d Mac.a in Frameworks */ = {isa = PBXBuildFile; fileRef = 1AC6FAF9180E9839004C840B /* libcocos2d Mac.a */; };
		1AC6FB30180E99EB004C840B /* libcocos2d iOS.a in Frameworks */ = {isa = PBXBuildFile; fileRef = 1AC6FB07180E9839004C840B /* libcocos2d iOS.a */; };
		1D60589F0D05DD5A006BFB54 /* Foundation.framework in Frameworks */ = {isa = PBXBuildFile; fileRef = 1D30AB110D05D00D00671497 /* Foundation.framework */; };
		1DF5F4E00D08C38300B7A737 /* UIKit.framework in Frameworks */ = {isa = PBXBuildFile; fileRef = 1DF5F4DF0D08C38300B7A737 /* UIKit.framework */; };
		288765A50DF7441C002DB57D /* CoreGraphics.framework in Frameworks */ = {isa = PBXBuildFile; fileRef = 288765A40DF7441C002DB57D /* CoreGraphics.framework */; };
		3EACC98F19EE6D4300EB3C5E /* res in Resources */ = {isa = PBXBuildFile; fileRef = 3EACC98E19EE6D4300EB3C5E /* res */; };
		3EACC99019EE6D4300EB3C5E /* res in Resources */ = {isa = PBXBuildFile; fileRef = 3EACC98E19EE6D4300EB3C5E /* res */; };
		46880B7B19C43A67006E1F66 /* CloseNormal.png in Resources */ = {isa = PBXBuildFile; fileRef = 46880B7619C43A67006E1F66 /* CloseNormal.png */; };
		46880B7C19C43A67006E1F66 /* CloseNormal.png in Resources */ = {isa = PBXBuildFile; fileRef = 46880B7619C43A67006E1F66 /* CloseNormal.png */; };
		46880B7D19C43A67006E1F66 /* CloseSelected.png in Resources */ = {isa = PBXBuildFile; fileRef = 46880B7719C43A67006E1F66 /* CloseSelected.png */; };
		46880B7E19C43A67006E1F66 /* CloseSelected.png in Resources */ = {isa = PBXBuildFile; fileRef = 46880B7719C43A67006E1F66 /* CloseSelected.png */; };
		46880B8119C43A67006E1F66 /* HelloWorld.png in Resources */ = {isa = PBXBuildFile; fileRef = 46880B7A19C43A67006E1F66 /* HelloWorld.png */; };
		46880B8219C43A67006E1F66 /* HelloWorld.png in Resources */ = {isa = PBXBuildFile; fileRef = 46880B7A19C43A67006E1F66 /* HelloWorld.png */; };
		46880B8819C43A87006E1F66 /* AppDelegate.cpp in Sources */ = {isa = PBXBuildFile; fileRef = 46880B8419C43A87006E1F66 /* AppDelegate.cpp */; };
		46880B8919C43A87006E1F66 /* AppDelegate.cpp in Sources */ = {isa = PBXBuildFile; fileRef = 46880B8419C43A87006E1F66 /* AppDelegate.cpp */; };
		46880B8A19C43A87006E1F66 /* HelloWorldScene.cpp in Sources */ = {isa = PBXBuildFile; fileRef = 46880B8619C43A87006E1F66 /* HelloWorldScene.cpp */; };
		46880B8B19C43A87006E1F66 /* HelloWorldScene.cpp in Sources */ = {isa = PBXBuildFile; fileRef = 46880B8619C43A87006E1F66 /* HelloWorldScene.cpp */; };
		503AE0F817EB97AB00D1A890 /* Icon.icns in Resources */ = {isa = PBXBuildFile; fileRef = 503AE0F617EB97AB00D1A890 /* Icon.icns */; };
		503AE10017EB989F00D1A890 /* AppController.mm in Sources */ = {isa = PBXBuildFile; fileRef = 503AE0FB17EB989F00D1A890 /* AppController.mm */; };
		503AE10117EB989F00D1A890 /* main.m in Sources */ = {isa = PBXBuildFile; fileRef = 503AE0FC17EB989F00D1A890 /* main.m */; };
		503AE10217EB989F00D1A890 /* RootViewController.mm in Sources */ = {isa = PBXBuildFile; fileRef = 503AE0FF17EB989F00D1A890 /* RootViewController.mm */; };
		503AE10517EB98FF00D1A890 /* main.cpp in Sources */ = {isa = PBXBuildFile; fileRef = 503AE10317EB98FF00D1A890 /* main.cpp */; };
		503AE11B17EB9C5A00D1A890 /* IOKit.framework in Frameworks */ = {isa = PBXBuildFile; fileRef = 503AE11A17EB9C5A00D1A890 /* IOKit.framework */; };
		5087E76317EB910900C73F5D /* Foundation.framework in Frameworks */ = {isa = PBXBuildFile; fileRef = 1D30AB110D05D00D00671497 /* Foundation.framework */; };
		5087E76717EB910900C73F5D /* libz.dylib in Frameworks */ = {isa = PBXBuildFile; fileRef = BF170DB412928DE900B8313A /* libz.dylib */; };
		5087E76817EB910900C73F5D /* QuartzCore.framework in Frameworks */ = {isa = PBXBuildFile; fileRef = BF1C47EA1293683800B63C5D /* QuartzCore.framework */; };
		5087E76917EB910900C73F5D /* OpenAL.framework in Frameworks */ = {isa = PBXBuildFile; fileRef = D44C620B132DFF330009C878 /* OpenAL.framework */; };
		5087E76A17EB910900C73F5D /* AVFoundation.framework in Frameworks */ = {isa = PBXBuildFile; fileRef = D44C620D132DFF430009C878 /* AVFoundation.framework */; };
		5087E76B17EB910900C73F5D /* AudioToolbox.framework in Frameworks */ = {isa = PBXBuildFile; fileRef = D44C620F132DFF4E0009C878 /* AudioToolbox.framework */; };
		5087E78917EB974C00C73F5D /* AppKit.framework in Frameworks */ = {isa = PBXBuildFile; fileRef = 5087E78817EB974C00C73F5D /* AppKit.framework */; };
		5087E78B17EB975400C73F5D /* OpenGL.framework in Frameworks */ = {isa = PBXBuildFile; fileRef = 5087E78A17EB975400C73F5D /* OpenGL.framework */; };
		521A8EA919F11F5000D177D7 /* fonts in Resources */ = {isa = PBXBuildFile; fileRef = 521A8EA819F11F5000D177D7 /* fonts */; };
		521A8EAA19F11F5000D177D7 /* fonts in Resources */ = {isa = PBXBuildFile; fileRef = 521A8EA819F11F5000D177D7 /* fonts */; };
		52B47A471A53D09C004E4C60 /* Security.framework in Frameworks */ = {isa = PBXBuildFile; fileRef = 52B47A461A53D09B004E4C60 /* Security.framework */; };
		8262943E1AAF051F00CB7CF7 /* Security.framework in Frameworks */ = {isa = PBXBuildFile; fileRef = 8262943D1AAF051F00CB7CF7 /* Security.framework */; };
		BF171245129291EC00B8313A /* OpenGLES.framework in Frameworks */ = {isa = PBXBuildFile; fileRef = BF170DB012928DE900B8313A /* OpenGLES.framework */; };
		BF1712471292920000B8313A /* libz.dylib in Frameworks */ = {isa = PBXBuildFile; fileRef = BF170DB412928DE900B8313A /* libz.dylib */; };
		BF1C47F01293687400B63C5D /* QuartzCore.framework in Frameworks */ = {isa = PBXBuildFile; fileRef = BF1C47EA1293683800B63C5D /* QuartzCore.framework */; };
		D40407B81C2CD27200181FB8 /* We wish you a Merry Christmas.mp3 in Resources */ = {isa = PBXBuildFile; fileRef = D40407B71C2CD27200181FB8 /* We wish you a Merry Christmas.mp3 */; };
		D40407BC1C2CE14000181FB8 /* Summer.png in Resources */ = {isa = PBXBuildFile; fileRef = D40407BB1C2CE14000181FB8 /* Summer.png */; };
		D40407BE1C2CE6DE00181FB8 /* Autumn.png in Resources */ = {isa = PBXBuildFile; fileRef = D40407BD1C2CE6DE00181FB8 /* Autumn.png */; };
		D40FCC261C3B8F7E00F461D5 /* Default.png in Resources */ = {isa = PBXBuildFile; fileRef = D40FCC201C3B8F7E00F461D5 /* Default.png */; };
		D40FCC271C3B8F7E00F461D5 /* Default@2x.png in Resources */ = {isa = PBXBuildFile; fileRef = D40FCC211C3B8F7E00F461D5 /* Default@2x.png */; };
		D40FCC291C3B901800F461D5 /* Default-667h@2x.png in Resources */ = {isa = PBXBuildFile; fileRef = D40FCC281C3B901800F461D5 /* Default-667h@2x.png */; };
		D40FCC2B1C3B90CB00F461D5 /* Default-568h@2x.png in Resources */ = {isa = PBXBuildFile; fileRef = D40FCC2A1C3B90CB00F461D5 /* Default-568h@2x.png */; };
		D40FCC411C3B9A5A00F461D5 /* Icon-29.png in Resources */ = {isa = PBXBuildFile; fileRef = D40FCC321C3B9A5A00F461D5 /* Icon-29.png */; };
		D40FCC421C3B9A5A00F461D5 /* Icon-40.png in Resources */ = {isa = PBXBuildFile; fileRef = D40FCC331C3B9A5A00F461D5 /* Icon-40.png */; };
		D40FCC431C3B9A5A00F461D5 /* Icon-50.png in Resources */ = {isa = PBXBuildFile; fileRef = D40FCC341C3B9A5A00F461D5 /* Icon-50.png */; };
		D40FCC441C3B9A5A00F461D5 /* Icon-57.png in Resources */ = {isa = PBXBuildFile; fileRef = D40FCC351C3B9A5A00F461D5 /* Icon-57.png */; };
		D40FCC451C3B9A5A00F461D5 /* Icon-58.png in Resources */ = {isa = PBXBuildFile; fileRef = D40FCC361C3B9A5A00F461D5 /* Icon-58.png */; };
		D40FCC461C3B9A5A00F461D5 /* Icon-72.png in Resources */ = {isa = PBXBuildFile; fileRef = D40FCC371C3B9A5A00F461D5 /* Icon-72.png */; };
		D40FCC471C3B9A5A00F461D5 /* Icon-76.png in Resources */ = {isa = PBXBuildFile; fileRef = D40FCC381C3B9A5A00F461D5 /* Icon-76.png */; };
		D40FCC481C3B9A5A00F461D5 /* Icon-80.png in Resources */ = {isa = PBXBuildFile; fileRef = D40FCC391C3B9A5A00F461D5 /* Icon-80.png */; };
		D40FCC491C3B9A5A00F461D5 /* Icon-87.png in Resources */ = {isa = PBXBuildFile; fileRef = D40FCC3A1C3B9A5A00F461D5 /* Icon-87.png */; };
		D40FCC4A1C3B9A5A00F461D5 /* Icon-100.png in Resources */ = {isa = PBXBuildFile; fileRef = D40FCC3B1C3B9A5A00F461D5 /* Icon-100.png */; };
		D40FCC4B1C3B9A5A00F461D5 /* Icon-114.png in Resources */ = {isa = PBXBuildFile; fileRef = D40FCC3C1C3B9A5A00F461D5 /* Icon-114.png */; };
		D40FCC4C1C3B9A5A00F461D5 /* Icon-120.png in Resources */ = {isa = PBXBuildFile; fileRef = D40FCC3D1C3B9A5A00F461D5 /* Icon-120.png */; };
		D40FCC4D1C3B9A5A00F461D5 /* Icon-144.png in Resources */ = {isa = PBXBuildFile; fileRef = D40FCC3E1C3B9A5A00F461D5 /* Icon-144.png */; };
		D40FCC4E1C3B9A5A00F461D5 /* Icon-152.png in Resources */ = {isa = PBXBuildFile; fileRef = D40FCC3F1C3B9A5A00F461D5 /* Icon-152.png */; };
		D40FCC4F1C3B9A5A00F461D5 /* Icon-180.png in Resources */ = {isa = PBXBuildFile; fileRef = D40FCC401C3B9A5A00F461D5 /* Icon-180.png */; };
		D415B1E61C2786C700E53277 /* NewScene.cpp in Sources */ = {isa = PBXBuildFile; fileRef = D415B1E41C2786C700E53277 /* NewScene.cpp */; };
		D415B2241C2790F200E53277 /* scene1.png in Resources */ = {isa = PBXBuildFile; fileRef = D415B2141C2790F200E53277 /* scene1.png */; };
		D415B2251C2790F200E53277 /* scene2.png in Resources */ = {isa = PBXBuildFile; fileRef = D415B2151C2790F200E53277 /* scene2.png */; };
		D415B2261C2790F200E53277 /* scene3.png in Resources */ = {isa = PBXBuildFile; fileRef = D415B2161C2790F200E53277 /* scene3.png */; };
		D416EB481C2947360007E86E /* ThirdScene.cpp in Sources */ = {isa = PBXBuildFile; fileRef = D416EB461C2947360007E86E /* ThirdScene.cpp */; };
		D41C605C1C5F328900348B40 /* ImageFadeOut.cpp in Sources */ = {isa = PBXBuildFile; fileRef = D41C605A1C5F328900348B40 /* ImageFadeOut.cpp */; };
		D41C605E1C5F37A800348B40 /* fire.plist in Resources */ = {isa = PBXBuildFile; fileRef = D41C605D1C5F37A800348B40 /* fire.plist */; };
		D44C620C132DFF330009C878 /* OpenAL.framework in Frameworks */ = {isa = PBXBuildFile; fileRef = D44C620B132DFF330009C878 /* OpenAL.framework */; };
		D44C620E132DFF430009C878 /* AVFoundation.framework in Frameworks */ = {isa = PBXBuildFile; fileRef = D44C620D132DFF430009C878 /* AVFoundation.framework */; };
		D44C6210132DFF4E0009C878 /* AudioToolbox.framework in Frameworks */ = {isa = PBXBuildFile; fileRef = D44C620F132DFF4E0009C878 /* AudioToolbox.framework */; };
		D486EAF51C283ED7000D028A /* MyTool.cpp in Sources */ = {isa = PBXBuildFile; fileRef = D486EAF31C283ED7000D028A /* MyTool.cpp */; };
		D48C70AA1C2B95C900BCEE16 /* 谭维维-如果有来生.mp3 in Resources */ = {isa = PBXBuildFile; fileRef = D48C70A91C2B95C800BCEE16 /* 谭维维-如果有来生.mp3 */; };
		D48C70AC1C2B980600BCEE16 /* Spring.png in Resources */ = {isa = PBXBuildFile; fileRef = D48C70AB1C2B980600BCEE16 /* Spring.png */; };
		D48C70B01C2B9A5200BCEE16 /* rain.png in Resources */ = {isa = PBXBuildFile; fileRef = D48C70AF1C2B9A5200BCEE16 /* rain.png */; };
		D48C70DD1C2BD24C00BCEE16 /* image0.png in Resources */ = {isa = PBXBuildFile; fileRef = D48C70D11C2BD24C00BCEE16 /* image0.png */; };
		D48C70DE1C2BD24C00BCEE16 /* image1.png in Resources */ = {isa = PBXBuildFile; fileRef = D48C70D21C2BD24C00BCEE16 /* image1.png */; };
		D48C70DF1C2BD24C00BCEE16 /* image10.png in Resources */ = {isa = PBXBuildFile; fileRef = D48C70D31C2BD24C00BCEE16 /* image10.png */; };
		D48C70E01C2BD24C00BCEE16 /* image11.png in Resources */ = {isa = PBXBuildFile; fileRef = D48C70D41C2BD24C00BCEE16 /* image11.png */; };
		D48C70E11C2BD24C00BCEE16 /* image2.png in Resources */ = {isa = PBXBuildFile; fileRef = D48C70D51C2BD24C00BCEE16 /* image2.png */; };
		D48C70E21C2BD24C00BCEE16 /* image3.png in Resources */ = {isa = PBXBuildFile; fileRef = D48C70D61C2BD24C00BCEE16 /* image3.png */; };
		D48C70E31C2BD24C00BCEE16 /* image4.png in Resources */ = {isa = PBXBuildFile; fileRef = D48C70D71C2BD24C00BCEE16 /* image4.png */; };
		D48C70E41C2BD24C00BCEE16 /* image5.png in Resources */ = {isa = PBXBuildFile; fileRef = D48C70D81C2BD24C00BCEE16 /* image5.png */; };
		D48C70E51C2BD24C00BCEE16 /* image6.png in Resources */ = {isa = PBXBuildFile; fileRef = D48C70D91C2BD24C00BCEE16 /* image6.png */; };
		D48C70E61C2BD24C00BCEE16 /* image7.png in Resources */ = {isa = PBXBuildFile; fileRef = D48C70DA1C2BD24C00BCEE16 /* image7.png */; };
		D48C70E71C2BD24C00BCEE16 /* image8.png in Resources */ = {isa = PBXBuildFile; fileRef = D48C70DB1C2BD24C00BCEE16 /* image8.png */; };
		D48C70E81C2BD24C00BCEE16 /* image9.png in Resources */ = {isa = PBXBuildFile; fileRef = D48C70DC1C2BD24C00BCEE16 /* image9.png */; };
		D48C70F91C2BD6A100BCEE16 /* image12.png in Resources */ = {isa = PBXBuildFile; fileRef = D48C70EB1C2BD6A100BCEE16 /* image12.png */; };
		D48C70FA1C2BD6A100BCEE16 /* image13.png in Resources */ = {isa = PBXBuildFile; fileRef = D48C70EC1C2BD6A100BCEE16 /* image13.png */; };
		D48C70FB1C2BD6A100BCEE16 /* image14.png in Resources */ = {isa = PBXBuildFile; fileRef = D48C70ED1C2BD6A100BCEE16 /* image14.png */; };
		D48C70FC1C2BD6A100BCEE16 /* image15.png in Resources */ = {isa = PBXBuildFile; fileRef = D48C70EE1C2BD6A100BCEE16 /* image15.png */; };
		D48C70FD1C2BD6A100BCEE16 /* image16.png in Resources */ = {isa = PBXBuildFile; fileRef = D48C70EF1C2BD6A100BCEE16 /* image16.png */; };
		D48C70FE1C2BD6A100BCEE16 /* image17.png in Resources */ = {isa = PBXBuildFile; fileRef = D48C70F01C2BD6A100BCEE16 /* image17.png */; };
		D48C70FF1C2BD6A100BCEE16 /* image18.png in Resources */ = {isa = PBXBuildFile; fileRef = D48C70F11C2BD6A100BCEE16 /* image18.png */; };
		D48C71001C2BD6A100BCEE16 /* image19.png in Resources */ = {isa = PBXBuildFile; fileRef = D48C70F21C2BD6A100BCEE16 /* image19.png */; };
		D48C71011C2BD6A100BCEE16 /* image20.png in Resources */ = {isa = PBXBuildFile; fileRef = D48C70F31C2BD6A100BCEE16 /* image20.png */; };
		D48C71021C2BD6A100BCEE16 /* image21.png in Resources */ = {isa = PBXBuildFile; fileRef = D48C70F41C2BD6A100BCEE16 /* image21.png */; };
		D48C71031C2BD6A100BCEE16 /* image22.png in Resources */ = {isa = PBXBuildFile; fileRef = D48C70F51C2BD6A100BCEE16 /* image22.png */; };
		D48C710F1C2BE23800BCEE16 /* image23.png in Resources */ = {isa = PBXBuildFile; fileRef = D48C71071C2BE23800BCEE16 /* image23.png */; };
		D48C71101C2BE23800BCEE16 /* image24.png in Resources */ = {isa = PBXBuildFile; fileRef = D48C71081C2BE23800BCEE16 /* image24.png */; };
		D48C71111C2BE23800BCEE16 /* image25.png in Resources */ = {isa = PBXBuildFile; fileRef = D48C71091C2BE23800BCEE16 /* image25.png */; };
		D48C71121C2BE23800BCEE16 /* image26.png in Resources */ = {isa = PBXBuildFile; fileRef = D48C710A1C2BE23800BCEE16 /* image26.png */; };
		D48C71131C2BE23800BCEE16 /* image27.png in Resources */ = {isa = PBXBuildFile; fileRef = D48C710B1C2BE23800BCEE16 /* image27.png */; };
		D48C71141C2BE23800BCEE16 /* image28.png in Resources */ = {isa = PBXBuildFile; fileRef = D48C710C1C2BE23800BCEE16 /* image28.png */; };
		D48C71151C2BE23800BCEE16 /* image29.png in Resources */ = {isa = PBXBuildFile; fileRef = D48C710D1C2BE23800BCEE16 /* image29.png */; };
		D48C71161C2BE23800BCEE16 /* image30.png in Resources */ = {isa = PBXBuildFile; fileRef = D48C710E1C2BE23800BCEE16 /* image30.png */; };
		D48C712A1C2BEB8F00BCEE16 /* image31.png in Resources */ = {isa = PBXBuildFile; fileRef = D48C71171C2BEB8F00BCEE16 /* image31.png */; };
		D48C712B1C2BEB8F00BCEE16 /* image32.png in Resources */ = {isa = PBXBuildFile; fileRef = D48C71181C2BEB8F00BCEE16 /* image32.png */; };
		D48C712C1C2BEB8F00BCEE16 /* image33.png in Resources */ = {isa = PBXBuildFile; fileRef = D48C71191C2BEB8F00BCEE16 /* image33.png */; };
		D48C712D1C2BEB8F00BCEE16 /* image34.png in Resources */ = {isa = PBXBuildFile; fileRef = D48C711A1C2BEB8F00BCEE16 /* image34.png */; };
		D48C712E1C2BEB8F00BCEE16 /* image35.png in Resources */ = {isa = PBXBuildFile; fileRef = D48C711B1C2BEB8F00BCEE16 /* image35.png */; };
		D48C712F1C2BEB8F00BCEE16 /* image36.png in Resources */ = {isa = PBXBuildFile; fileRef = D48C711C1C2BEB8F00BCEE16 /* image36.png */; };
		D48C71301C2BEB8F00BCEE16 /* image37.png in Resources */ = {isa = PBXBuildFile; fileRef = D48C711D1C2BEB8F00BCEE16 /* image37.png */; };
		D48C71311C2BEB8F00BCEE16 /* image38.png in Resources */ = {isa = PBXBuildFile; fileRef = D48C711E1C2BEB8F00BCEE16 /* image38.png */; };
		D48C71321C2BEB8F00BCEE16 /* image39.png in Resources */ = {isa = PBXBuildFile; fileRef = D48C711F1C2BEB8F00BCEE16 /* image39.png */; };
		D48C71331C2BEB8F00BCEE16 /* image40.png in Resources */ = {isa = PBXBuildFile; fileRef = D48C71201C2BEB8F00BCEE16 /* image40.png */; };
		D48C71341C2BEB8F00BCEE16 /* image41.png in Resources */ = {isa = PBXBuildFile; fileRef = D48C71211C2BEB8F00BCEE16 /* image41.png */; };
		D48C71351C2BEB8F00BCEE16 /* image42.png in Resources */ = {isa = PBXBuildFile; fileRef = D48C71221C2BEB8F00BCEE16 /* image42.png */; };
		D48C71361C2BEB8F00BCEE16 /* image43.png in Resources */ = {isa = PBXBuildFile; fileRef = D48C71231C2BEB8F00BCEE16 /* image43.png */; };
		D48C71371C2BEB8F00BCEE16 /* image44.png in Resources */ = {isa = PBXBuildFile; fileRef = D48C71241C2BEB8F00BCEE16 /* image44.png */; };
		D48C71381C2BEB8F00BCEE16 /* image45.png in Resources */ = {isa = PBXBuildFile; fileRef = D48C71251C2BEB8F00BCEE16 /* image45.png */; };
		D48C71391C2BEB8F00BCEE16 /* image46.png in Resources */ = {isa = PBXBuildFile; fileRef = D48C71261C2BEB8F00BCEE16 /* image46.png */; };
		D48C713A1C2BEB8F00BCEE16 /* image47.png in Resources */ = {isa = PBXBuildFile; fileRef = D48C71271C2BEB8F00BCEE16 /* image47.png */; };
		D48C713B1C2BEB8F00BCEE16 /* image48.png in Resources */ = {isa = PBXBuildFile; fileRef = D48C71281C2BEB8F00BCEE16 /* image48.png */; };
		D48C713C1C2BEB8F00BCEE16 /* image49.png in Resources */ = {isa = PBXBuildFile; fileRef = D48C71291C2BEB8F00BCEE16 /* image49.png */; };
		D49A5DDE1C2AD2BB00418F86 /* snow.png in Resources */ = {isa = PBXBuildFile; fileRef = D49A5DDD1C2AD2BB00418F86 /* snow.png */; };
		D49A5DE01C2AD53F00418F86 /* fire.png in Resources */ = {isa = PBXBuildFile; fileRef = D49A5DDF1C2AD53F00418F86 /* fire.png */; };
		D49A5DE41C2ADC7000418F86 /* butterFly1.png in Resources */ = {isa = PBXBuildFile; fileRef = D49A5DE31C2ADC7000418F86 /* butterFly1.png */; };
		D49A5DE61C2AE76F00418F86 /* heart.png in Resources */ = {isa = PBXBuildFile; fileRef = D49A5DE51C2AE76F00418F86 /* heart.png */; };
		D49A5DE81C2AEEF300418F86 /* sleepAlone.mp3 in Resources */ = {isa = PBXBuildFile; fileRef = D49A5DE71C2AEEF300418F86 /* sleepAlone.mp3 */; };
		D4FAB6751C2A75E000C359DB /* ApearAlphaTo.cpp in Sources */ = {isa = PBXBuildFile; fileRef = D4FAB6731C2A75E000C359DB /* ApearAlphaTo.cpp */; };
		D4FAB6781C2A8DCC00C359DB /* endScene.cpp in Sources */ = {isa = PBXBuildFile; fileRef = D4FAB6761C2A8DCC00C359DB /* endScene.cpp */; };
		D4FAB67A1C2A945400C359DB /* Winter.png in Resources */ = {isa = PBXBuildFile; fileRef = D4FAB6791C2A945400C359DB /* Winter.png */; };
		D6B0611B1803AB670077942B /* CoreMotion.framework in Frameworks */ = {isa = PBXBuildFile; fileRef = D6B0611A1803AB670077942B /* CoreMotion.framework */; };
		ED545A7C1B68A1F400C3958E /* libiconv.dylib in Frameworks */ = {isa = PBXBuildFile; fileRef = ED545A7B1B68A1F400C3958E /* libiconv.dylib */; };
		ED545A7E1B68A1FA00C3958E /* libiconv.dylib in Frameworks */ = {isa = PBXBuildFile; fileRef = ED545A7D1B68A1FA00C3958E /* libiconv.dylib */; };
/* End PBXBuildFile section */

/* Begin PBXContainerItemProxy section */
		1AC6FAF8180E9839004C840B /* PBXContainerItemProxy */ = {
			isa = PBXContainerItemProxy;
			containerPortal = 1AC6FAE5180E9839004C840B /* cocos2d_libs.xcodeproj */;
			proxyType = 2;
			remoteGlobalIDString = 1551A33F158F2AB200E66CFE;
			remoteInfo = "cocos2dx Mac";
		};
		1AC6FB06180E9839004C840B /* PBXContainerItemProxy */ = {
			isa = PBXContainerItemProxy;
			containerPortal = 1AC6FAE5180E9839004C840B /* cocos2d_libs.xcodeproj */;
			proxyType = 2;
			remoteGlobalIDString = A07A4D641783777C0073F6A7;
			remoteInfo = "cocos2dx iOS";
		};
		1AC6FB15180E9959004C840B /* PBXContainerItemProxy */ = {
			isa = PBXContainerItemProxy;
			containerPortal = 1AC6FAE5180E9839004C840B /* cocos2d_libs.xcodeproj */;
			proxyType = 1;
			remoteGlobalIDString = 1551A33E158F2AB200E66CFE;
			remoteInfo = "cocos2dx Mac";
		};
		1AC6FB24180E99E1004C840B /* PBXContainerItemProxy */ = {
			isa = PBXContainerItemProxy;
			containerPortal = 1AC6FAE5180E9839004C840B /* cocos2d_libs.xcodeproj */;
			proxyType = 1;
			remoteGlobalIDString = A07A4C241783777C0073F6A7;
			remoteInfo = "cocos2dx iOS";
		};
/* End PBXContainerItemProxy section */

/* Begin PBXFileReference section */
		1AC6FAE5180E9839004C840B /* cocos2d_libs.xcodeproj */ = {isa = PBXFileReference; lastKnownFileType = "wrapper.pb-project"; name = cocos2d_libs.xcodeproj; path = ../cocos2d/build/cocos2d_libs.xcodeproj; sourceTree = "<group>"; };
		1ACB3243164770DE00914215 /* libcurl.a */ = {isa = PBXFileReference; lastKnownFileType = archive.ar; name = libcurl.a; path = ../../cocos2dx/platform/third_party/ios/libraries/libcurl.a; sourceTree = "<group>"; };
		1D30AB110D05D00D00671497 /* Foundation.framework */ = {isa = PBXFileReference; lastKnownFileType = wrapper.framework; name = Foundation.framework; path = System/Library/Frameworks/Foundation.framework; sourceTree = SDKROOT; };
		1D6058910D05DD3D006BFB54 /* CocosSceneAlter-mobile.app */ = {isa = PBXFileReference; explicitFileType = wrapper.application; includeInIndex = 0; path = "CocosSceneAlter-mobile.app"; sourceTree = BUILT_PRODUCTS_DIR; };
		1DF5F4DF0D08C38300B7A737 /* UIKit.framework */ = {isa = PBXFileReference; lastKnownFileType = wrapper.framework; name = UIKit.framework; path = System/Library/Frameworks/UIKit.framework; sourceTree = SDKROOT; };
		288765A40DF7441C002DB57D /* CoreGraphics.framework */ = {isa = PBXFileReference; lastKnownFileType = wrapper.framework; name = CoreGraphics.framework; path = System/Library/Frameworks/CoreGraphics.framework; sourceTree = SDKROOT; };
		3EACC98E19EE6D4300EB3C5E /* res */ = {isa = PBXFileReference; lastKnownFileType = folder; path = res; sourceTree = "<group>"; };
		46880B7619C43A67006E1F66 /* CloseNormal.png */ = {isa = PBXFileReference; lastKnownFileType = image.png; path = CloseNormal.png; sourceTree = "<group>"; };
		46880B7719C43A67006E1F66 /* CloseSelected.png */ = {isa = PBXFileReference; lastKnownFileType = image.png; path = CloseSelected.png; sourceTree = "<group>"; };
		46880B7A19C43A67006E1F66 /* HelloWorld.png */ = {isa = PBXFileReference; lastKnownFileType = image.png; path = HelloWorld.png; sourceTree = "<group>"; };
		46880B8419C43A87006E1F66 /* AppDelegate.cpp */ = {isa = PBXFileReference; fileEncoding = 4; lastKnownFileType = sourcecode.cpp.cpp; path = AppDelegate.cpp; sourceTree = "<group>"; };
		46880B8519C43A87006E1F66 /* AppDelegate.h */ = {isa = PBXFileReference; fileEncoding = 4; lastKnownFileType = sourcecode.c.h; path = AppDelegate.h; sourceTree = "<group>"; };
		46880B8619C43A87006E1F66 /* HelloWorldScene.cpp */ = {isa = PBXFileReference; fileEncoding = 4; lastKnownFileType = sourcecode.cpp.cpp; path = HelloWorldScene.cpp; sourceTree = "<group>"; };
		46880B8719C43A87006E1F66 /* HelloWorldScene.h */ = {isa = PBXFileReference; fileEncoding = 4; lastKnownFileType = sourcecode.c.h; path = HelloWorldScene.h; sourceTree = "<group>"; };
		503AE0F617EB97AB00D1A890 /* Icon.icns */ = {isa = PBXFileReference; lastKnownFileType = image.icns; path = Icon.icns; sourceTree = "<group>"; };
		503AE0F717EB97AB00D1A890 /* Info.plist */ = {isa = PBXFileReference; fileEncoding = 4; lastKnownFileType = text.plist.xml; path = Info.plist; sourceTree = "<group>"; };
		503AE0FA17EB989F00D1A890 /* AppController.h */ = {isa = PBXFileReference; fileEncoding = 4; lastKnownFileType = sourcecode.c.h; name = AppController.h; path = ios/AppController.h; sourceTree = SOURCE_ROOT; };
		503AE0FB17EB989F00D1A890 /* AppController.mm */ = {isa = PBXFileReference; fileEncoding = 4; lastKnownFileType = sourcecode.cpp.objcpp; name = AppController.mm; path = ios/AppController.mm; sourceTree = SOURCE_ROOT; };
		503AE0FC17EB989F00D1A890 /* main.m */ = {isa = PBXFileReference; fileEncoding = 4; lastKnownFileType = sourcecode.c.objc; name = main.m; path = ios/main.m; sourceTree = SOURCE_ROOT; };
		503AE0FD17EB989F00D1A890 /* Prefix.pch */ = {isa = PBXFileReference; fileEncoding = 4; lastKnownFileType = sourcecode.c.h; name = Prefix.pch; path = ios/Prefix.pch; sourceTree = SOURCE_ROOT; };
		503AE0FE17EB989F00D1A890 /* RootViewController.h */ = {isa = PBXFileReference; fileEncoding = 4; lastKnownFileType = sourcecode.c.h; name = RootViewController.h; path = ios/RootViewController.h; sourceTree = SOURCE_ROOT; };
		503AE0FF17EB989F00D1A890 /* RootViewController.mm */ = {isa = PBXFileReference; fileEncoding = 4; lastKnownFileType = sourcecode.cpp.objcpp; name = RootViewController.mm; path = ios/RootViewController.mm; sourceTree = SOURCE_ROOT; };
		503AE10317EB98FF00D1A890 /* main.cpp */ = {isa = PBXFileReference; fileEncoding = 4; lastKnownFileType = sourcecode.cpp.cpp; name = main.cpp; path = mac/main.cpp; sourceTree = "<group>"; };
		503AE10417EB98FF00D1A890 /* Prefix.pch */ = {isa = PBXFileReference; fileEncoding = 4; lastKnownFileType = sourcecode.c.h; name = Prefix.pch; path = mac/Prefix.pch; sourceTree = "<group>"; };
		503AE11117EB99EE00D1A890 /* libcurl.dylib */ = {isa = PBXFileReference; lastKnownFileType = "compiled.mach-o.dylib"; name = libcurl.dylib; path = usr/lib/libcurl.dylib; sourceTree = SDKROOT; };
		503AE11A17EB9C5A00D1A890 /* IOKit.framework */ = {isa = PBXFileReference; lastKnownFileType = wrapper.framework; name = IOKit.framework; path = System/Library/Frameworks/IOKit.framework; sourceTree = SDKROOT; };
		5087E76F17EB910900C73F5D /* CocosSceneAlter-desktop.app */ = {isa = PBXFileReference; explicitFileType = wrapper.application; includeInIndex = 0; path = "CocosSceneAlter-desktop.app"; sourceTree = BUILT_PRODUCTS_DIR; };
		5087E77C17EB970100C73F5D /* Info.plist */ = {isa = PBXFileReference; fileEncoding = 4; lastKnownFileType = text.plist.xml; path = Info.plist; sourceTree = "<group>"; };
		5087E78817EB974C00C73F5D /* AppKit.framework */ = {isa = PBXFileReference; lastKnownFileType = wrapper.framework; name = AppKit.framework; path = System/Library/Frameworks/AppKit.framework; sourceTree = SDKROOT; };
		5087E78A17EB975400C73F5D /* OpenGL.framework */ = {isa = PBXFileReference; lastKnownFileType = wrapper.framework; name = OpenGL.framework; path = System/Library/Frameworks/OpenGL.framework; sourceTree = SDKROOT; };
		521A8EA819F11F5000D177D7 /* fonts */ = {isa = PBXFileReference; lastKnownFileType = folder; path = fonts; sourceTree = "<group>"; };
		52B47A461A53D09B004E4C60 /* Security.framework */ = {isa = PBXFileReference; lastKnownFileType = wrapper.framework; name = Security.framework; path = Platforms/iPhoneOS.platform/Developer/SDKs/iPhoneOS8.1.sdk/System/Library/Frameworks/Security.framework; sourceTree = DEVELOPER_DIR; };
		8262943D1AAF051F00CB7CF7 /* Security.framework */ = {isa = PBXFileReference; lastKnownFileType = wrapper.framework; name = Security.framework; path = System/Library/Frameworks/Security.framework; sourceTree = SDKROOT; };
		BF170DB012928DE900B8313A /* OpenGLES.framework */ = {isa = PBXFileReference; lastKnownFileType = wrapper.framework; name = OpenGLES.framework; path = System/Library/Frameworks/OpenGLES.framework; sourceTree = SDKROOT; };
		BF170DB412928DE900B8313A /* libz.dylib */ = {isa = PBXFileReference; lastKnownFileType = "compiled.mach-o.dylib"; name = libz.dylib; path = usr/lib/libz.dylib; sourceTree = SDKROOT; };
		BF1C47EA1293683800B63C5D /* QuartzCore.framework */ = {isa = PBXFileReference; lastKnownFileType = wrapper.framework; name = QuartzCore.framework; path = System/Library/Frameworks/QuartzCore.framework; sourceTree = SDKROOT; };
		D40407B71C2CD27200181FB8 /* We wish you a Merry Christmas.mp3 */ = {isa = PBXFileReference; lastKnownFileType = audio.mp3; path = "We wish you a Merry Christmas.mp3"; sourceTree = "<group>"; };
		D40407BB1C2CE14000181FB8 /* Summer.png */ = {isa = PBXFileReference; lastKnownFileType = image.png; path = Summer.png; sourceTree = "<group>"; };
		D40407BD1C2CE6DE00181FB8 /* Autumn.png */ = {isa = PBXFileReference; lastKnownFileType = image.png; path = Autumn.png; sourceTree = "<group>"; };
		D40FCC201C3B8F7E00F461D5 /* Default.png */ = {isa = PBXFileReference; lastKnownFileType = image.png; path = Default.png; sourceTree = "<group>"; };
		D40FCC211C3B8F7E00F461D5 /* Default@2x.png */ = {isa = PBXFileReference; lastKnownFileType = image.png; path = "Default@2x.png"; sourceTree = "<group>"; };
		D40FCC281C3B901800F461D5 /* Default-667h@2x.png */ = {isa = PBXFileReference; lastKnownFileType = image.png; path = "Default-667h@2x.png"; sourceTree = "<group>"; };
		D40FCC2A1C3B90CB00F461D5 /* Default-568h@2x.png */ = {isa = PBXFileReference; lastKnownFileType = image.png; path = "Default-568h@2x.png"; sourceTree = "<group>"; };
		D40FCC321C3B9A5A00F461D5 /* Icon-29.png */ = {isa = PBXFileReference; lastKnownFileType = image.png; path = "Icon-29.png"; sourceTree = "<group>"; };
		D40FCC331C3B9A5A00F461D5 /* Icon-40.png */ = {isa = PBXFileReference; lastKnownFileType = image.png; path = "Icon-40.png"; sourceTree = "<group>"; };
		D40FCC341C3B9A5A00F461D5 /* Icon-50.png */ = {isa = PBXFileReference; lastKnownFileType = image.png; path = "Icon-50.png"; sourceTree = "<group>"; };
		D40FCC351C3B9A5A00F461D5 /* Icon-57.png */ = {isa = PBXFileReference; lastKnownFileType = image.png; path = "Icon-57.png"; sourceTree = "<group>"; };
		D40FCC361C3B9A5A00F461D5 /* Icon-58.png */ = {isa = PBXFileReference; lastKnownFileType = image.png; path = "Icon-58.png"; sourceTree = "<group>"; };
		D40FCC371C3B9A5A00F461D5 /* Icon-72.png */ = {isa = PBXFileReference; lastKnownFileType = image.png; path = "Icon-72.png"; sourceTree = "<group>"; };
		D40FCC381C3B9A5A00F461D5 /* Icon-76.png */ = {isa = PBXFileReference; lastKnownFileType = image.png; path = "Icon-76.png"; sourceTree = "<group>"; };
		D40FCC391C3B9A5A00F461D5 /* Icon-80.png */ = {isa = PBXFileReference; lastKnownFileType = image.png; path = "Icon-80.png"; sourceTree = "<group>"; };
		D40FCC3A1C3B9A5A00F461D5 /* Icon-87.png */ = {isa = PBXFileReference; lastKnownFileType = image.png; path = "Icon-87.png"; sourceTree = "<group>"; };
		D40FCC3B1C3B9A5A00F461D5 /* Icon-100.png */ = {isa = PBXFileReference; lastKnownFileType = image.png; path = "Icon-100.png"; sourceTree = "<group>"; };
		D40FCC3C1C3B9A5A00F461D5 /* Icon-114.png */ = {isa = PBXFileReference; lastKnownFileType = image.png; path = "Icon-114.png"; sourceTree = "<group>"; };
		D40FCC3D1C3B9A5A00F461D5 /* Icon-120.png */ = {isa = PBXFileReference; lastKnownFileType = image.png; path = "Icon-120.png"; sourceTree = "<group>"; };
		D40FCC3E1C3B9A5A00F461D5 /* Icon-144.png */ = {isa = PBXFileReference; lastKnownFileType = image.png; path = "Icon-144.png"; sourceTree = "<group>"; };
		D40FCC3F1C3B9A5A00F461D5 /* Icon-152.png */ = {isa = PBXFileReference; lastKnownFileType = image.png; path = "Icon-152.png"; sourceTree = "<group>"; };
		D40FCC401C3B9A5A00F461D5 /* Icon-180.png */ = {isa = PBXFileReference; lastKnownFileType = image.png; path = "Icon-180.png"; sourceTree = "<group>"; };
		D415B1E41C2786C700E53277 /* NewScene.cpp */ = {isa = PBXFileReference; fileEncoding = 4; lastKnownFileType = sourcecode.cpp.cpp; path = NewScene.cpp; sourceTree = "<group>"; };
		D415B1E51C2786C700E53277 /* NewScene.hpp */ = {isa = PBXFileReference; fileEncoding = 4; lastKnownFileType = sourcecode.cpp.h; path = NewScene.hpp; sourceTree = "<group>"; };
		D415B2141C2790F200E53277 /* scene1.png */ = {isa = PBXFileReference; lastKnownFileType = image.png; path = scene1.png; sourceTree = "<group>"; };
		D415B2151C2790F200E53277 /* scene2.png */ = {isa = PBXFileReference; lastKnownFileType = image.png; path = scene2.png; sourceTree = "<group>"; };
		D415B2161C2790F200E53277 /* scene3.png */ = {isa = PBXFileReference; lastKnownFileType = image.png; path = scene3.png; sourceTree = "<group>"; };
		D416EB461C2947360007E86E /* ThirdScene.cpp */ = {isa = PBXFileReference; fileEncoding = 4; lastKnownFileType = sourcecode.cpp.cpp; path = ThirdScene.cpp; sourceTree = "<group>"; };
		D416EB471C2947360007E86E /* ThirdScene.hpp */ = {isa = PBXFileReference; fileEncoding = 4; lastKnownFileType = sourcecode.cpp.h; path = ThirdScene.hpp; sourceTree = "<group>"; };
		D41C605A1C5F328900348B40 /* ImageFadeOut.cpp */ = {isa = PBXFileReference; fileEncoding = 4; lastKnownFileType = sourcecode.cpp.cpp; path = ImageFadeOut.cpp; sourceTree = "<group>"; };
		D41C605B1C5F328900348B40 /* ImageFadeOut.hpp */ = {isa = PBXFileReference; fileEncoding = 4; lastKnownFileType = sourcecode.cpp.h; path = ImageFadeOut.hpp; sourceTree = "<group>"; };
		D41C605D1C5F37A800348B40 /* fire.plist */ = {isa = PBXFileReference; fileEncoding = 4; lastKnownFileType = text.plist.xml; path = fire.plist; sourceTree = "<group>"; };
		D44C620B132DFF330009C878 /* OpenAL.framework */ = {isa = PBXFileReference; lastKnownFileType = wrapper.framework; name = OpenAL.framework; path = System/Library/Frameworks/OpenAL.framework; sourceTree = SDKROOT; };
		D44C620D132DFF430009C878 /* AVFoundation.framework */ = {isa = PBXFileReference; lastKnownFileType = wrapper.framework; name = AVFoundation.framework; path = System/Library/Frameworks/AVFoundation.framework; sourceTree = SDKROOT; };
		D44C620F132DFF4E0009C878 /* AudioToolbox.framework */ = {isa = PBXFileReference; lastKnownFileType = wrapper.framework; name = AudioToolbox.framework; path = System/Library/Frameworks/AudioToolbox.framework; sourceTree = SDKROOT; };
		D486EAF31C283ED7000D028A /* MyTool.cpp */ = {isa = PBXFileReference; fileEncoding = 4; lastKnownFileType = sourcecode.cpp.cpp; path = MyTool.cpp; sourceTree = "<group>"; };
		D486EAF41C283ED7000D028A /* MyTool.hpp */ = {isa = PBXFileReference; fileEncoding = 4; lastKnownFileType = sourcecode.cpp.h; path = MyTool.hpp; sourceTree = "<group>"; };
		D48C70A91C2B95C800BCEE16 /* 谭维维-如果有来生.mp3 */ = {isa = PBXFileReference; lastKnownFileType = audio.mp3; path = "谭维维-如果有来生.mp3"; sourceTree = "<group>"; };
		D48C70AB1C2B980600BCEE16 /* Spring.png */ = {isa = PBXFileReference; lastKnownFileType = image.png; path = Spring.png; sourceTree = "<group>"; };
		D48C70AF1C2B9A5200BCEE16 /* rain.png */ = {isa = PBXFileReference; lastKnownFileType = image.png; path = rain.png; sourceTree = "<group>"; };
		D48C70D11C2BD24C00BCEE16 /* image0.png */ = {isa = PBXFileReference; lastKnownFileType = image.png; path = image0.png; sourceTree = "<group>"; };
		D48C70D21C2BD24C00BCEE16 /* image1.png */ = {isa = PBXFileReference; lastKnownFileType = image.png; path = image1.png; sourceTree = "<group>"; };
		D48C70D31C2BD24C00BCEE16 /* image10.png */ = {isa = PBXFileReference; lastKnownFileType = image.png; path = image10.png; sourceTree = "<group>"; };
		D48C70D41C2BD24C00BCEE16 /* image11.png */ = {isa = PBXFileReference; lastKnownFileType = image.png; path = image11.png; sourceTree = "<group>"; };
		D48C70D51C2BD24C00BCEE16 /* image2.png */ = {isa = PBXFileReference; lastKnownFileType = image.png; path = image2.png; sourceTree = "<group>"; };
		D48C70D61C2BD24C00BCEE16 /* image3.png */ = {isa = PBXFileReference; lastKnownFileType = image.png; path = image3.png; sourceTree = "<group>"; };
		D48C70D71C2BD24C00BCEE16 /* image4.png */ = {isa = PBXFileReference; lastKnownFileType = image.png; path = image4.png; sourceTree = "<group>"; };
		D48C70D81C2BD24C00BCEE16 /* image5.png */ = {isa = PBXFileReference; lastKnownFileType = image.png; path = image5.png; sourceTree = "<group>"; };
		D48C70D91C2BD24C00BCEE16 /* image6.png */ = {isa = PBXFileReference; lastKnownFileType = image.png; path = image6.png; sourceTree = "<group>"; };
		D48C70DA1C2BD24C00BCEE16 /* image7.png */ = {isa = PBXFileReference; lastKnownFileType = image.png; path = image7.png; sourceTree = "<group>"; };
		D48C70DB1C2BD24C00BCEE16 /* image8.png */ = {isa = PBXFileReference; lastKnownFileType = image.png; path = image8.png; sourceTree = "<group>"; };
		D48C70DC1C2BD24C00BCEE16 /* image9.png */ = {isa = PBXFileReference; lastKnownFileType = image.png; path = image9.png; sourceTree = "<group>"; };
		D48C70EB1C2BD6A100BCEE16 /* image12.png */ = {isa = PBXFileReference; lastKnownFileType = image.png; path = image12.png; sourceTree = "<group>"; };
		D48C70EC1C2BD6A100BCEE16 /* image13.png */ = {isa = PBXFileReference; lastKnownFileType = image.png; path = image13.png; sourceTree = "<group>"; };
		D48C70ED1C2BD6A100BCEE16 /* image14.png */ = {isa = PBXFileReference; lastKnownFileType = image.png; path = image14.png; sourceTree = "<group>"; };
		D48C70EE1C2BD6A100BCEE16 /* image15.png */ = {isa = PBXFileReference; lastKnownFileType = image.png; path = image15.png; sourceTree = "<group>"; };
		D48C70EF1C2BD6A100BCEE16 /* image16.png */ = {isa = PBXFileReference; lastKnownFileType = image.png; path = image16.png; sourceTree = "<group>"; };
		D48C70F01C2BD6A100BCEE16 /* image17.png */ = {isa = PBXFileReference; lastKnownFileType = image.png; path = image17.png; sourceTree = "<group>"; };
		D48C70F11C2BD6A100BCEE16 /* image18.png */ = {isa = PBXFileReference; lastKnownFileType = image.png; path = image18.png; sourceTree = "<group>"; };
		D48C70F21C2BD6A100BCEE16 /* image19.png */ = {isa = PBXFileReference; lastKnownFileType = image.png; path = image19.png; sourceTree = "<group>"; };
		D48C70F31C2BD6A100BCEE16 /* image20.png */ = {isa = PBXFileReference; lastKnownFileType = image.png; path = image20.png; sourceTree = "<group>"; };
		D48C70F41C2BD6A100BCEE16 /* image21.png */ = {isa = PBXFileReference; lastKnownFileType = image.png; path = image21.png; sourceTree = "<group>"; };
		D48C70F51C2BD6A100BCEE16 /* image22.png */ = {isa = PBXFileReference; lastKnownFileType = image.png; path = image22.png; sourceTree = "<group>"; };
		D48C71071C2BE23800BCEE16 /* image23.png */ = {isa = PBXFileReference; lastKnownFileType = image.png; path = image23.png; sourceTree = "<group>"; };
		D48C71081C2BE23800BCEE16 /* image24.png */ = {isa = PBXFileReference; lastKnownFileType = image.png; path = image24.png; sourceTree = "<group>"; };
		D48C71091C2BE23800BCEE16 /* image25.png */ = {isa = PBXFileReference; lastKnownFileType = image.png; path = image25.png; sourceTree = "<group>"; };
		D48C710A1C2BE23800BCEE16 /* image26.png */ = {isa = PBXFileReference; lastKnownFileType = image.png; path = image26.png; sourceTree = "<group>"; };
		D48C710B1C2BE23800BCEE16 /* image27.png */ = {isa = PBXFileReference; lastKnownFileType = image.png; path = image27.png; sourceTree = "<group>"; };
		D48C710C1C2BE23800BCEE16 /* image28.png */ = {isa = PBXFileReference; lastKnownFileType = image.png; path = image28.png; sourceTree = "<group>"; };
		D48C710D1C2BE23800BCEE16 /* image29.png */ = {isa = PBXFileReference; lastKnownFileType = image.png; path = image29.png; sourceTree = "<group>"; };
		D48C710E1C2BE23800BCEE16 /* image30.png */ = {isa = PBXFileReference; lastKnownFileType = image.png; path = image30.png; sourceTree = "<group>"; };
		D48C71171C2BEB8F00BCEE16 /* image31.png */ = {isa = PBXFileReference; lastKnownFileType = image.png; path = image31.png; sourceTree = "<group>"; };
		D48C71181C2BEB8F00BCEE16 /* image32.png */ = {isa = PBXFileReference; lastKnownFileType = image.png; path = image32.png; sourceTree = "<group>"; };
		D48C71191C2BEB8F00BCEE16 /* image33.png */ = {isa = PBXFileReference; lastKnownFileType = image.png; path = image33.png; sourceTree = "<group>"; };
		D48C711A1C2BEB8F00BCEE16 /* image34.png */ = {isa = PBXFileReference; lastKnownFileType = image.png; path = image34.png; sourceTree = "<group>"; };
		D48C711B1C2BEB8F00BCEE16 /* image35.png */ = {isa = PBXFileReference; lastKnownFileType = image.png; path = image35.png; sourceTree = "<group>"; };
		D48C711C1C2BEB8F00BCEE16 /* image36.png */ = {isa = PBXFileReference; lastKnownFileType = image.png; path = image36.png; sourceTree = "<group>"; };
		D48C711D1C2BEB8F00BCEE16 /* image37.png */ = {isa = PBXFileReference; lastKnownFileType = image.png; path = image37.png; sourceTree = "<group>"; };
		D48C711E1C2BEB8F00BCEE16 /* image38.png */ = {isa = PBXFileReference; lastKnownFileType = image.png; path = image38.png; sourceTree = "<group>"; };
		D48C711F1C2BEB8F00BCEE16 /* image39.png */ = {isa = PBXFileReference; lastKnownFileType = image.png; path = image39.png; sourceTree = "<group>"; };
		D48C71201C2BEB8F00BCEE16 /* image40.png */ = {isa = PBXFileReference; lastKnownFileType = image.png; path = image40.png; sourceTree = "<group>"; };
		D48C71211C2BEB8F00BCEE16 /* image41.png */ = {isa = PBXFileReference; lastKnownFileType = image.png; path = image41.png; sourceTree = "<group>"; };
		D48C71221C2BEB8F00BCEE16 /* image42.png */ = {isa = PBXFileReference; lastKnownFileType = image.png; path = image42.png; sourceTree = "<group>"; };
		D48C71231C2BEB8F00BCEE16 /* image43.png */ = {isa = PBXFileReference; lastKnownFileType = image.png; path = image43.png; sourceTree = "<group>"; };
		D48C71241C2BEB8F00BCEE16 /* image44.png */ = {isa = PBXFileReference; lastKnownFileType = image.png; path = image44.png; sourceTree = "<group>"; };
		D48C71251C2BEB8F00BCEE16 /* image45.png */ = {isa = PBXFileReference; lastKnownFileType = image.png; path = image45.png; sourceTree = "<group>"; };
		D48C71261C2BEB8F00BCEE16 /* image46.png */ = {isa = PBXFileReference; lastKnownFileType = image.png; path = image46.png; sourceTree = "<group>"; };
		D48C71271C2BEB8F00BCEE16 /* image47.png */ = {isa = PBXFileReference; lastKnownFileType = image.png; path = image47.png; sourceTree = "<group>"; };
		D48C71281C2BEB8F00BCEE16 /* image48.png */ = {isa = PBXFileReference; lastKnownFileType = image.png; path = image48.png; sourceTree = "<group>"; };
		D48C71291C2BEB8F00BCEE16 /* image49.png */ = {isa = PBXFileReference; lastKnownFileType = image.png; path = image49.png; sourceTree = "<group>"; };
		D49A5DDD1C2AD2BB00418F86 /* snow.png */ = {isa = PBXFileReference; lastKnownFileType = image.png; path = snow.png; sourceTree = "<group>"; };
		D49A5DDF1C2AD53F00418F86 /* fire.png */ = {isa = PBXFileReference; lastKnownFileType = image.png; path = fire.png; sourceTree = "<group>"; };
		D49A5DE31C2ADC7000418F86 /* butterFly1.png */ = {isa = PBXFileReference; lastKnownFileType = image.png; path = butterFly1.png; sourceTree = "<group>"; };
		D49A5DE51C2AE76F00418F86 /* heart.png */ = {isa = PBXFileReference; lastKnownFileType = image.png; path = heart.png; sourceTree = "<group>"; };
		D49A5DE71C2AEEF300418F86 /* sleepAlone.mp3 */ = {isa = PBXFileReference; lastKnownFileType = audio.mp3; path = sleepAlone.mp3; sourceTree = "<group>"; };
		D4FAB6731C2A75E000C359DB /* ApearAlphaTo.cpp */ = {isa = PBXFileReference; fileEncoding = 4; lastKnownFileType = sourcecode.cpp.cpp; path = ApearAlphaTo.cpp; sourceTree = "<group>"; };
		D4FAB6741C2A75E000C359DB /* ApearAlphaTo.hpp */ = {isa = PBXFileReference; fileEncoding = 4; lastKnownFileType = sourcecode.cpp.h; path = ApearAlphaTo.hpp; sourceTree = "<group>"; };
		D4FAB6761C2A8DCC00C359DB /* endScene.cpp */ = {isa = PBXFileReference; fileEncoding = 4; lastKnownFileType = sourcecode.cpp.cpp; path = endScene.cpp; sourceTree = "<group>"; };
		D4FAB6771C2A8DCC00C359DB /* endScene.hpp */ = {isa = PBXFileReference; fileEncoding = 4; lastKnownFileType = sourcecode.cpp.h; path = endScene.hpp; sourceTree = "<group>"; };
		D4FAB6791C2A945400C359DB /* Winter.png */ = {isa = PBXFileReference; lastKnownFileType = image.png; path = Winter.png; sourceTree = "<group>"; };
		D6B0611A1803AB670077942B /* CoreMotion.framework */ = {isa = PBXFileReference; lastKnownFileType = wrapper.framework; name = CoreMotion.framework; path = Platforms/iPhoneOS.platform/Developer/SDKs/iPhoneOS7.0.sdk/System/Library/Frameworks/CoreMotion.framework; sourceTree = DEVELOPER_DIR; };
		ED545A7B1B68A1F400C3958E /* libiconv.dylib */ = {isa = PBXFileReference; lastKnownFileType = "compiled.mach-o.dylib"; name = libiconv.dylib; path = Platforms/iPhoneOS.platform/Developer/SDKs/iPhoneOS8.4.sdk/usr/lib/libiconv.dylib; sourceTree = DEVELOPER_DIR; };
		ED545A7D1B68A1FA00C3958E /* libiconv.dylib */ = {isa = PBXFileReference; lastKnownFileType = "compiled.mach-o.dylib"; name = libiconv.dylib; path = usr/lib/libiconv.dylib; sourceTree = SDKROOT; };
/* End PBXFileReference section */

/* Begin PBXFrameworksBuildPhase section */
		1D60588F0D05DD3D006BFB54 /* Frameworks */ = {
			isa = PBXFrameworksBuildPhase;
			buildActionMask = 2147483647;
			files = (
				ED545A7C1B68A1F400C3958E /* libiconv.dylib in Frameworks */,
				52B47A471A53D09C004E4C60 /* Security.framework in Frameworks */,
				1AC6FB30180E99EB004C840B /* libcocos2d iOS.a in Frameworks */,
				D6B0611B1803AB670077942B /* CoreMotion.framework in Frameworks */,
				1D60589F0D05DD5A006BFB54 /* Foundation.framework in Frameworks */,
				1DF5F4E00D08C38300B7A737 /* UIKit.framework in Frameworks */,
				288765A50DF7441C002DB57D /* CoreGraphics.framework in Frameworks */,
				BF171245129291EC00B8313A /* OpenGLES.framework in Frameworks */,
				BF1712471292920000B8313A /* libz.dylib in Frameworks */,
				BF1C47F01293687400B63C5D /* QuartzCore.framework in Frameworks */,
				D44C620C132DFF330009C878 /* OpenAL.framework in Frameworks */,
				D44C620E132DFF430009C878 /* AVFoundation.framework in Frameworks */,
				D44C6210132DFF4E0009C878 /* AudioToolbox.framework in Frameworks */,
			);
			runOnlyForDeploymentPostprocessing = 0;
		};
		5087E75C17EB910900C73F5D /* Frameworks */ = {
			isa = PBXFrameworksBuildPhase;
			buildActionMask = 2147483647;
			files = (
				ED545A7E1B68A1FA00C3958E /* libiconv.dylib in Frameworks */,
				1AC6FB21180E996B004C840B /* libcocos2d Mac.a in Frameworks */,
				5087E76717EB910900C73F5D /* libz.dylib in Frameworks */,
				8262943E1AAF051F00CB7CF7 /* Security.framework in Frameworks */,
				503AE11B17EB9C5A00D1A890 /* IOKit.framework in Frameworks */,
				5087E78B17EB975400C73F5D /* OpenGL.framework in Frameworks */,
				5087E78917EB974C00C73F5D /* AppKit.framework in Frameworks */,
				5087E76317EB910900C73F5D /* Foundation.framework in Frameworks */,
				5087E76817EB910900C73F5D /* QuartzCore.framework in Frameworks */,
				5087E76917EB910900C73F5D /* OpenAL.framework in Frameworks */,
				5087E76A17EB910900C73F5D /* AVFoundation.framework in Frameworks */,
				5087E76B17EB910900C73F5D /* AudioToolbox.framework in Frameworks */,
			);
			runOnlyForDeploymentPostprocessing = 0;
		};
/* End PBXFrameworksBuildPhase section */

/* Begin PBXGroup section */
		080E96DDFE201D6D7F000001 /* ios */ = {
			isa = PBXGroup;
			children = (
				5087E77117EB970100C73F5D /* Icons */,
				503AE0FA17EB989F00D1A890 /* AppController.h */,
				503AE0FB17EB989F00D1A890 /* AppController.mm */,
				503AE0FC17EB989F00D1A890 /* main.m */,
				503AE0FD17EB989F00D1A890 /* Prefix.pch */,
				503AE0FE17EB989F00D1A890 /* RootViewController.h */,
				503AE0FF17EB989F00D1A890 /* RootViewController.mm */,
			);
			name = ios;
			path = Classes;
			sourceTree = "<group>";
		};
		19C28FACFE9D520D11CA2CBB /* Products */ = {
			isa = PBXGroup;
			children = (
				1D6058910D05DD3D006BFB54 /* CocosSceneAlter-mobile.app */,
				5087E76F17EB910900C73F5D /* CocosSceneAlter-desktop.app */,
			);
			name = Products;
			sourceTree = "<group>";
		};
		1AC6FAE6180E9839004C840B /* Products */ = {
			isa = PBXGroup;
			children = (
				1AC6FAF9180E9839004C840B /* libcocos2d Mac.a */,
				1AC6FB07180E9839004C840B /* libcocos2d iOS.a */,
			);
			name = Products;
			sourceTree = "<group>";
		};
		29B97314FDCFA39411CA2CEA /* CustomTemplate */ = {
			isa = PBXGroup;
			children = (
				46880B8319C43A87006E1F66 /* Classes */,
				46880B7519C43A67006E1F66 /* Resources */,
				1AC6FAE5180E9839004C840B /* cocos2d_libs.xcodeproj */,
				29B97323FDCFA39411CA2CEA /* Frameworks */,
				080E96DDFE201D6D7F000001 /* ios */,
				503AE10617EB990700D1A890 /* mac */,
				19C28FACFE9D520D11CA2CBB /* Products */,
			);
			name = CustomTemplate;
			sourceTree = "<group>";
		};
		29B97323FDCFA39411CA2CEA /* Frameworks */ = {
			isa = PBXGroup;
			children = (
				ED545A7D1B68A1FA00C3958E /* libiconv.dylib */,
				ED545A7B1B68A1F400C3958E /* libiconv.dylib */,
				8262943D1AAF051F00CB7CF7 /* Security.framework */,
				52B47A461A53D09B004E4C60 /* Security.framework */,
				D6B0611A1803AB670077942B /* CoreMotion.framework */,
				503AE11A17EB9C5A00D1A890 /* IOKit.framework */,
				503AE11117EB99EE00D1A890 /* libcurl.dylib */,
				5087E78A17EB975400C73F5D /* OpenGL.framework */,
				5087E78817EB974C00C73F5D /* AppKit.framework */,
				1ACB3243164770DE00914215 /* libcurl.a */,
				BF170DB412928DE900B8313A /* libz.dylib */,
				D44C620F132DFF4E0009C878 /* AudioToolbox.framework */,
				D44C620D132DFF430009C878 /* AVFoundation.framework */,
				288765A40DF7441C002DB57D /* CoreGraphics.framework */,
				1D30AB110D05D00D00671497 /* Foundation.framework */,
				D44C620B132DFF330009C878 /* OpenAL.framework */,
				BF170DB012928DE900B8313A /* OpenGLES.framework */,
				BF1C47EA1293683800B63C5D /* QuartzCore.framework */,
				1DF5F4DF0D08C38300B7A737 /* UIKit.framework */,
			);
			name = Frameworks;
			sourceTree = "<group>";
		};
		46880B7519C43A67006E1F66 /* Resources */ = {
			isa = PBXGroup;
			children = (
				D41C605D1C5F37A800348B40 /* fire.plist */,
				D40407B71C2CD27200181FB8 /* We wish you a Merry Christmas.mp3 */,
				D48C70A91C2B95C800BCEE16 /* 谭维维-如果有来生.mp3 */,
				D49A5DE71C2AEEF300418F86 /* sleepAlone.mp3 */,
				D48C70B51C2BC87C00BCEE16 /* Images */,
				D49A5DDA1C2ACFC600418F86 /* Particles */,
				D415B2271C2790FC00E53277 /* Scenes */,
				521A8EA819F11F5000D177D7 /* fonts */,
				3EACC98E19EE6D4300EB3C5E /* res */,
				46880B7619C43A67006E1F66 /* CloseNormal.png */,
				46880B7719C43A67006E1F66 /* CloseSelected.png */,
				46880B7A19C43A67006E1F66 /* HelloWorld.png */,
			);
			name = Resources;
			path = ../Resources;
			sourceTree = "<group>";
		};
		46880B8319C43A87006E1F66 /* Classes */ = {
			isa = PBXGroup;
			children = (
				D4FAB6721C2A758D00C359DB /* Customs */,
				46880B8419C43A87006E1F66 /* AppDelegate.cpp */,
				46880B8519C43A87006E1F66 /* AppDelegate.h */,
				D486EAF31C283ED7000D028A /* MyTool.cpp */,
				D486EAF41C283ED7000D028A /* MyTool.hpp */,
				D415B1E41C2786C700E53277 /* NewScene.cpp */,
				D415B1E51C2786C700E53277 /* NewScene.hpp */,
				D416EB461C2947360007E86E /* ThirdScene.cpp */,
				D416EB471C2947360007E86E /* ThirdScene.hpp */,
				46880B8619C43A87006E1F66 /* HelloWorldScene.cpp */,
				46880B8719C43A87006E1F66 /* HelloWorldScene.h */,
				D4FAB6761C2A8DCC00C359DB /* endScene.cpp */,
				D4FAB6771C2A8DCC00C359DB /* endScene.hpp */,
			);
			name = Classes;
			path = ../Classes;
			sourceTree = "<group>";
		};
		503AE0F517EB97AB00D1A890 /* Icons */ = {
			isa = PBXGroup;
			children = (
				503AE0F617EB97AB00D1A890 /* Icon.icns */,
				503AE0F717EB97AB00D1A890 /* Info.plist */,
			);
			name = Icons;
			path = mac;
			sourceTree = SOURCE_ROOT;
		};
		503AE10617EB990700D1A890 /* mac */ = {
			isa = PBXGroup;
			children = (
				503AE0F517EB97AB00D1A890 /* Icons */,
				503AE10317EB98FF00D1A890 /* main.cpp */,
				503AE10417EB98FF00D1A890 /* Prefix.pch */,
			);
			name = mac;
			sourceTree = "<group>";
		};
		5087E77117EB970100C73F5D /* Icons */ = {
			isa = PBXGroup;
			children = (
				D40FCC2A1C3B90CB00F461D5 /* Default-568h@2x.png */,
				D40FCC281C3B901800F461D5 /* Default-667h@2x.png */,
				D40FCC201C3B8F7E00F461D5 /* Default.png */,
				D40FCC211C3B8F7E00F461D5 /* Default@2x.png */,
				D40FCC321C3B9A5A00F461D5 /* Icon-29.png */,
				D40FCC331C3B9A5A00F461D5 /* Icon-40.png */,
				D40FCC341C3B9A5A00F461D5 /* Icon-50.png */,
				D40FCC351C3B9A5A00F461D5 /* Icon-57.png */,
				D40FCC361C3B9A5A00F461D5 /* Icon-58.png */,
				D40FCC371C3B9A5A00F461D5 /* Icon-72.png */,
				D40FCC381C3B9A5A00F461D5 /* Icon-76.png */,
				D40FCC391C3B9A5A00F461D5 /* Icon-80.png */,
				D40FCC3A1C3B9A5A00F461D5 /* Icon-87.png */,
				D40FCC3B1C3B9A5A00F461D5 /* Icon-100.png */,
				D40FCC3C1C3B9A5A00F461D5 /* Icon-114.png */,
				D40FCC3D1C3B9A5A00F461D5 /* Icon-120.png */,
				D40FCC3E1C3B9A5A00F461D5 /* Icon-144.png */,
				D40FCC3F1C3B9A5A00F461D5 /* Icon-152.png */,
				D40FCC401C3B9A5A00F461D5 /* Icon-180.png */,
				5087E77C17EB970100C73F5D /* Info.plist */,
			);
			name = Icons;
			path = ios;
			sourceTree = SOURCE_ROOT;
		};
		D415B2271C2790FC00E53277 /* Scenes */ = {
			isa = PBXGroup;
			children = (
				D48C70AB1C2B980600BCEE16 /* Spring.png */,
				D40407BB1C2CE14000181FB8 /* Summer.png */,
				D40407BD1C2CE6DE00181FB8 /* Autumn.png */,
				D4FAB6791C2A945400C359DB /* Winter.png */,
				D415B2141C2790F200E53277 /* scene1.png */,
				D415B2151C2790F200E53277 /* scene2.png */,
				D415B2161C2790F200E53277 /* scene3.png */,
			);
			name = Scenes;
			sourceTree = "<group>";
		};
		D48C70B51C2BC87C00BCEE16 /* Images */ = {
			isa = PBXGroup;
			children = (
				D48C70EA1C2BD27400BCEE16 /* sc3 */,
				D48C70E91C2BD27000BCEE16 /* sc2 */,
				D48C70D01C2BD24C00BCEE16 /* sc1 */,
			);
			path = Images;
			sourceTree = "<group>";
		};
		D48C70D01C2BD24C00BCEE16 /* sc1 */ = {
			isa = PBXGroup;
			children = (
				D48C70D11C2BD24C00BCEE16 /* image0.png */,
				D48C70D21C2BD24C00BCEE16 /* image1.png */,
				D48C70D51C2BD24C00BCEE16 /* image2.png */,
				D48C70D61C2BD24C00BCEE16 /* image3.png */,
				D48C70D71C2BD24C00BCEE16 /* image4.png */,
				D48C70D81C2BD24C00BCEE16 /* image5.png */,
				D48C70D91C2BD24C00BCEE16 /* image6.png */,
				D48C70DA1C2BD24C00BCEE16 /* image7.png */,
				D48C70DB1C2BD24C00BCEE16 /* image8.png */,
				D48C70DC1C2BD24C00BCEE16 /* image9.png */,
				D48C70D31C2BD24C00BCEE16 /* image10.png */,
				D48C70D41C2BD24C00BCEE16 /* image11.png */,
			);
			path = sc1;
			sourceTree = "<group>";
		};
		D48C70E91C2BD27000BCEE16 /* sc2 */ = {
			isa = PBXGroup;
			children = (
				D48C70EB1C2BD6A100BCEE16 /* image12.png */,
				D48C70EC1C2BD6A100BCEE16 /* image13.png */,
				D48C70ED1C2BD6A100BCEE16 /* image14.png */,
				D48C70EE1C2BD6A100BCEE16 /* image15.png */,
				D48C70EF1C2BD6A100BCEE16 /* image16.png */,
				D48C70F01C2BD6A100BCEE16 /* image17.png */,
				D48C70F11C2BD6A100BCEE16 /* image18.png */,
				D48C70F21C2BD6A100BCEE16 /* image19.png */,
				D48C70F31C2BD6A100BCEE16 /* image20.png */,
				D48C70F41C2BD6A100BCEE16 /* image21.png */,
				D48C70F51C2BD6A100BCEE16 /* image22.png */,
				D48C71071C2BE23800BCEE16 /* image23.png */,
				D48C71081C2BE23800BCEE16 /* image24.png */,
				D48C71091C2BE23800BCEE16 /* image25.png */,
				D48C710A1C2BE23800BCEE16 /* image26.png */,
				D48C710B1C2BE23800BCEE16 /* image27.png */,
				D48C710C1C2BE23800BCEE16 /* image28.png */,
				D48C710D1C2BE23800BCEE16 /* image29.png */,
				D48C710E1C2BE23800BCEE16 /* image30.png */,
			);
			path = sc2;
			sourceTree = "<group>";
		};
		D48C70EA1C2BD27400BCEE16 /* sc3 */ = {
			isa = PBXGroup;
			children = (
				D48C71171C2BEB8F00BCEE16 /* image31.png */,
				D48C71181C2BEB8F00BCEE16 /* image32.png */,
				D48C71191C2BEB8F00BCEE16 /* image33.png */,
				D48C711A1C2BEB8F00BCEE16 /* image34.png */,
				D48C711B1C2BEB8F00BCEE16 /* image35.png */,
				D48C711C1C2BEB8F00BCEE16 /* image36.png */,
				D48C711D1C2BEB8F00BCEE16 /* image37.png */,
				D48C711E1C2BEB8F00BCEE16 /* image38.png */,
				D48C711F1C2BEB8F00BCEE16 /* image39.png */,
				D48C71201C2BEB8F00BCEE16 /* image40.png */,
				D48C71211C2BEB8F00BCEE16 /* image41.png */,
				D48C71221C2BEB8F00BCEE16 /* image42.png */,
				D48C71231C2BEB8F00BCEE16 /* image43.png */,
				D48C71241C2BEB8F00BCEE16 /* image44.png */,
				D48C71251C2BEB8F00BCEE16 /* image45.png */,
				D48C71261C2BEB8F00BCEE16 /* image46.png */,
				D48C71271C2BEB8F00BCEE16 /* image47.png */,
				D48C71281C2BEB8F00BCEE16 /* image48.png */,
				D48C71291C2BEB8F00BCEE16 /* image49.png */,
			);
			path = sc3;
			sourceTree = "<group>";
		};
		D49A5DDA1C2ACFC600418F86 /* Particles */ = {
			isa = PBXGroup;
			children = (
				D48C70AF1C2B9A5200BCEE16 /* rain.png */,
				D49A5DE51C2AE76F00418F86 /* heart.png */,
				D49A5DE31C2ADC7000418F86 /* butterFly1.png */,
				D49A5DDF1C2AD53F00418F86 /* fire.png */,
				D49A5DDD1C2AD2BB00418F86 /* snow.png */,
			);
			name = Particles;
			sourceTree = "<group>";
		};
		D4FAB6721C2A758D00C359DB /* Customs */ = {
			isa = PBXGroup;
			children = (
				D41C605A1C5F328900348B40 /* ImageFadeOut.cpp */,
				D41C605B1C5F328900348B40 /* ImageFadeOut.hpp */,
				D4FAB6731C2A75E000C359DB /* ApearAlphaTo.cpp */,
				D4FAB6741C2A75E000C359DB /* ApearAlphaTo.hpp */,
			);
			path = Customs;
			sourceTree = "<group>";
		};
/* End PBXGroup section */

/* Begin PBXNativeTarget section */
		1D6058900D05DD3D006BFB54 /* CocosSceneAlter-mobile */ = {
			isa = PBXNativeTarget;
			buildConfigurationList = 1D6058960D05DD3E006BFB54 /* Build configuration list for PBXNativeTarget "CocosSceneAlter-mobile" */;
			buildPhases = (
				1D60588D0D05DD3D006BFB54 /* Resources */,
				1D60588E0D05DD3D006BFB54 /* Sources */,
				1D60588F0D05DD3D006BFB54 /* Frameworks */,
			);
			buildRules = (
			);
			dependencies = (
				1AC6FB25180E99E1004C840B /* PBXTargetDependency */,
			);
			name = "CocosSceneAlter-mobile";
			productName = iphone;
			productReference = 1D6058910D05DD3D006BFB54 /* CocosSceneAlter-mobile.app */;
			productType = "com.apple.product-type.application";
		};
		5087E73D17EB910900C73F5D /* CocosSceneAlter-desktop */ = {
			isa = PBXNativeTarget;
			buildConfigurationList = 5087E76C17EB910900C73F5D /* Build configuration list for PBXNativeTarget "CocosSceneAlter-desktop" */;
			buildPhases = (
				5087E74817EB910900C73F5D /* Resources */,
				5087E75617EB910900C73F5D /* Sources */,
				5087E75C17EB910900C73F5D /* Frameworks */,
			);
			buildRules = (
			);
			dependencies = (
				1AC6FB16180E9959004C840B /* PBXTargetDependency */,
			);
			name = "CocosSceneAlter-desktop";
			productName = iphone;
			productReference = 5087E76F17EB910900C73F5D /* CocosSceneAlter-desktop.app */;
			productType = "com.apple.product-type.application";
		};
/* End PBXNativeTarget section */

/* Begin PBXProject section */
		29B97313FDCFA39411CA2CEA /* Project object */ = {
			isa = PBXProject;
			attributes = {
				LastUpgradeCheck = 0500;
				TargetAttributes = {
					1D6058900D05DD3D006BFB54 = {
						DevelopmentTeam = LA8BZFND25;
					};
				};
			};
			buildConfigurationList = C01FCF4E08A954540054247B /* Build configuration list for PBXProject "CocosSceneAlter" */;
			compatibilityVersion = "Xcode 3.2";
			developmentRegion = English;
			hasScannedForEncodings = 1;
			knownRegions = (
				English,
				Japanese,
				French,
				German,
			);
			mainGroup = 29B97314FDCFA39411CA2CEA /* CustomTemplate */;
			projectDirPath = "";
			projectReferences = (
				{
					ProductGroup = 1AC6FAE6180E9839004C840B /* Products */;
					ProjectRef = 1AC6FAE5180E9839004C840B /* cocos2d_libs.xcodeproj */;
				},
			);
			projectRoot = "";
			targets = (
				1D6058900D05DD3D006BFB54 /* CocosSceneAlter-mobile */,
				5087E73D17EB910900C73F5D /* CocosSceneAlter-desktop */,
			);
		};
/* End PBXProject section */

/* Begin PBXReferenceProxy section */
		1AC6FAF9180E9839004C840B /* libcocos2d Mac.a */ = {
			isa = PBXReferenceProxy;
			fileType = archive.ar;
			path = "libcocos2d Mac.a";
			remoteRef = 1AC6FAF8180E9839004C840B /* PBXContainerItemProxy */;
			sourceTree = BUILT_PRODUCTS_DIR;
		};
		1AC6FB07180E9839004C840B /* libcocos2d iOS.a */ = {
			isa = PBXReferenceProxy;
			fileType = archive.ar;
			path = "libcocos2d iOS.a";
			remoteRef = 1AC6FB06180E9839004C840B /* PBXContainerItemProxy */;
			sourceTree = BUILT_PRODUCTS_DIR;
		};
/* End PBXReferenceProxy section */

/* Begin PBXResourcesBuildPhase section */
		1D60588D0D05DD3D006BFB54 /* Resources */ = {
			isa = PBXResourcesBuildPhase;
			buildActionMask = 2147483647;
			files = (
				D40FCC481C3B9A5A00F461D5 /* Icon-80.png in Resources */,
				D48C70DD1C2BD24C00BCEE16 /* image0.png in Resources */,
				D48C70FD1C2BD6A100BCEE16 /* image16.png in Resources */,
				D40FCC4B1C3B9A5A00F461D5 /* Icon-114.png in Resources */,
				D48C710F1C2BE23800BCEE16 /* image23.png in Resources */,
				D48C71161C2BE23800BCEE16 /* image30.png in Resources */,
				D48C713B1C2BEB8F00BCEE16 /* image48.png in Resources */,
				D48C70F91C2BD6A100BCEE16 /* image12.png in Resources */,
				D48C70E81C2BD24C00BCEE16 /* image9.png in Resources */,
				D48C70AC1C2B980600BCEE16 /* Spring.png in Resources */,
				D40FCC271C3B8F7E00F461D5 /* Default@2x.png in Resources */,
				D48C70FC1C2BD6A100BCEE16 /* image15.png in Resources */,
				D48C713C1C2BEB8F00BCEE16 /* image49.png in Resources */,
				D48C712D1C2BEB8F00BCEE16 /* image34.png in Resources */,
				D48C70E71C2BD24C00BCEE16 /* image8.png in Resources */,
				D48C71341C2BEB8F00BCEE16 /* image41.png in Resources */,
				D48C70B01C2B9A5200BCEE16 /* rain.png in Resources */,
				D48C71101C2BE23800BCEE16 /* image24.png in Resources */,
				D48C70DE1C2BD24C00BCEE16 /* image1.png in Resources */,
				D40FCC471C3B9A5A00F461D5 /* Icon-76.png in Resources */,
				46880B8119C43A67006E1F66 /* HelloWorld.png in Resources */,
				D48C70E31C2BD24C00BCEE16 /* image4.png in Resources */,
				D415B2241C2790F200E53277 /* scene1.png in Resources */,
				46880B7D19C43A67006E1F66 /* CloseSelected.png in Resources */,
				521A8EA919F11F5000D177D7 /* fonts in Resources */,
				D40FCC4F1C3B9A5A00F461D5 /* Icon-180.png in Resources */,
				D48C712F1C2BEB8F00BCEE16 /* image36.png in Resources */,
				D40FCC291C3B901800F461D5 /* Default-667h@2x.png in Resources */,
				D48C70DF1C2BD24C00BCEE16 /* image10.png in Resources */,
				D48C70FE1C2BD6A100BCEE16 /* image17.png in Resources */,
				D40FCC441C3B9A5A00F461D5 /* Icon-57.png in Resources */,
				D48C70E61C2BD24C00BCEE16 /* image7.png in Resources */,
				D48C71311C2BEB8F00BCEE16 /* image38.png in Resources */,
				D48C71141C2BE23800BCEE16 /* image28.png in Resources */,
				D40FCC411C3B9A5A00F461D5 /* Icon-29.png in Resources */,
				D48C71351C2BEB8F00BCEE16 /* image42.png in Resources */,
				D48C71111C2BE23800BCEE16 /* image25.png in Resources */,
				D48C712E1C2BEB8F00BCEE16 /* image35.png in Resources */,
				D48C712A1C2BEB8F00BCEE16 /* image31.png in Resources */,
				D49A5DE41C2ADC7000418F86 /* butterFly1.png in Resources */,
				D48C70E21C2BD24C00BCEE16 /* image3.png in Resources */,
				D48C71031C2BD6A100BCEE16 /* image22.png in Resources */,
				D41C605E1C5F37A800348B40 /* fire.plist in Resources */,
				D48C70E11C2BD24C00BCEE16 /* image2.png in Resources */,
				D40FCC261C3B8F7E00F461D5 /* Default.png in Resources */,
				D48C712B1C2BEB8F00BCEE16 /* image32.png in Resources */,
				D48C70FF1C2BD6A100BCEE16 /* image18.png in Resources */,
				D48C71001C2BD6A100BCEE16 /* image19.png in Resources */,
				D48C71361C2BEB8F00BCEE16 /* image43.png in Resources */,
				D40407B81C2CD27200181FB8 /* We wish you a Merry Christmas.mp3 in Resources */,
				D48C71371C2BEB8F00BCEE16 /* image44.png in Resources */,
				D48C70E01C2BD24C00BCEE16 /* image11.png in Resources */,
				D48C71331C2BEB8F00BCEE16 /* image40.png in Resources */,
				D48C71021C2BD6A100BCEE16 /* image21.png in Resources */,
				D415B2251C2790F200E53277 /* scene2.png in Resources */,
				D48C71121C2BE23800BCEE16 /* image26.png in Resources */,
				D48C70FB1C2BD6A100BCEE16 /* image14.png in Resources */,
				D48C71151C2BE23800BCEE16 /* image29.png in Resources */,
				D40407BC1C2CE14000181FB8 /* Summer.png in Resources */,
				D48C70E51C2BD24C00BCEE16 /* image6.png in Resources */,
				D4FAB67A1C2A945400C359DB /* Winter.png in Resources */,
				D48C71381C2BEB8F00BCEE16 /* image45.png in Resources */,
				D40FCC421C3B9A5A00F461D5 /* Icon-40.png in Resources */,
				D415B2261C2790F200E53277 /* scene3.png in Resources */,
				3EACC98F19EE6D4300EB3C5E /* res in Resources */,
				D48C70AA1C2B95C900BCEE16 /* 谭维维-如果有来生.mp3 in Resources */,
				D40FCC491C3B9A5A00F461D5 /* Icon-87.png in Resources */,
				D40FCC461C3B9A5A00F461D5 /* Icon-72.png in Resources */,
				D48C70FA1C2BD6A100BCEE16 /* image13.png in Resources */,
				D48C71321C2BEB8F00BCEE16 /* image39.png in Resources */,
				D48C713A1C2BEB8F00BCEE16 /* image47.png in Resources */,
				D48C71301C2BEB8F00BCEE16 /* image37.png in Resources */,
				D40FCC451C3B9A5A00F461D5 /* Icon-58.png in Resources */,
				D48C712C1C2BEB8F00BCEE16 /* image33.png in Resources */,
				D40407BE1C2CE6DE00181FB8 /* Autumn.png in Resources */,
				46880B7B19C43A67006E1F66 /* CloseNormal.png in Resources */,
				D40FCC4C1C3B9A5A00F461D5 /* Icon-120.png in Resources */,
				D40FCC431C3B9A5A00F461D5 /* Icon-50.png in Resources */,
				D48C71011C2BD6A100BCEE16 /* image20.png in Resources */,
				D49A5DE61C2AE76F00418F86 /* heart.png in Resources */,
				D48C71131C2BE23800BCEE16 /* image27.png in Resources */,
				D40FCC4D1C3B9A5A00F461D5 /* Icon-144.png in Resources */,
				D48C70E41C2BD24C00BCEE16 /* image5.png in Resources */,
				D49A5DE81C2AEEF300418F86 /* sleepAlone.mp3 in Resources */,
				D49A5DE01C2AD53F00418F86 /* fire.png in Resources */,
				D49A5DDE1C2AD2BB00418F86 /* snow.png in Resources */,
				D48C71391C2BEB8F00BCEE16 /* image46.png in Resources */,
				D40FCC4E1C3B9A5A00F461D5 /* Icon-152.png in Resources */,
				D40FCC4A1C3B9A5A00F461D5 /* Icon-100.png in Resources */,
				D40FCC2B1C3B90CB00F461D5 /* Default-568h@2x.png in Resources */,
			);
			runOnlyForDeploymentPostprocessing = 0;
		};
		5087E74817EB910900C73F5D /* Resources */ = {
			isa = PBXResourcesBuildPhase;
			buildActionMask = 2147483647;
			files = (
				46880B8219C43A67006E1F66 /* HelloWorld.png in Resources */,
				503AE0F817EB97AB00D1A890 /* Icon.icns in Resources */,
				3EACC99019EE6D4300EB3C5E /* res in Resources */,
				521A8EAA19F11F5000D177D7 /* fonts in Resources */,
				46880B7C19C43A67006E1F66 /* CloseNormal.png in Resources */,
				46880B7E19C43A67006E1F66 /* CloseSelected.png in Resources */,
			);
			runOnlyForDeploymentPostprocessing = 0;
		};
/* End PBXResourcesBuildPhase section */

/* Begin PBXSourcesBuildPhase section */
		1D60588E0D05DD3D006BFB54 /* Sources */ = {
			isa = PBXSourcesBuildPhase;
			buildActionMask = 2147483647;
			files = (
				D416EB481C2947360007E86E /* ThirdScene.cpp in Sources */,
				D41C605C1C5F328900348B40 /* ImageFadeOut.cpp in Sources */,
				46880B8819C43A87006E1F66 /* AppDelegate.cpp in Sources */,
				46880B8A19C43A87006E1F66 /* HelloWorldScene.cpp in Sources */,
				D4FAB6751C2A75E000C359DB /* ApearAlphaTo.cpp in Sources */,
				503AE10017EB989F00D1A890 /* AppController.mm in Sources */,
				D486EAF51C283ED7000D028A /* MyTool.cpp in Sources */,
				D4FAB6781C2A8DCC00C359DB /* endScene.cpp in Sources */,
				D415B1E61C2786C700E53277 /* NewScene.cpp in Sources */,
				503AE10217EB989F00D1A890 /* RootViewController.mm in Sources */,
				503AE10117EB989F00D1A890 /* main.m in Sources */,
			);
			runOnlyForDeploymentPostprocessing = 0;
		};
		5087E75617EB910900C73F5D /* Sources */ = {
			isa = PBXSourcesBuildPhase;
			buildActionMask = 2147483647;
			files = (
				46880B8919C43A87006E1F66 /* AppDelegate.cpp in Sources */,
				503AE10517EB98FF00D1A890 /* main.cpp in Sources */,
				46880B8B19C43A87006E1F66 /* HelloWorldScene.cpp in Sources */,
			);
			runOnlyForDeploymentPostprocessing = 0;
		};
/* End PBXSourcesBuildPhase section */

/* Begin PBXTargetDependency section */
		1AC6FB16180E9959004C840B /* PBXTargetDependency */ = {
			isa = PBXTargetDependency;
			name = "cocos2dx Mac";
			targetProxy = 1AC6FB15180E9959004C840B /* PBXContainerItemProxy */;
		};
		1AC6FB25180E99E1004C840B /* PBXTargetDependency */ = {
			isa = PBXTargetDependency;
			name = "cocos2dx iOS";
			targetProxy = 1AC6FB24180E99E1004C840B /* PBXContainerItemProxy */;
		};
/* End PBXTargetDependency section */

/* Begin XCBuildConfiguration section */
		1D6058940D05DD3E006BFB54 /* Debug */ = {
			isa = XCBuildConfiguration;
			buildSettings = {
				ALWAYS_SEARCH_USER_PATHS = YES;
				CODE_SIGN_IDENTITY = "iPhone Developer";
				"CODE_SIGN_IDENTITY[sdk=iphoneos*]" = "iPhone Developer";
				COMPRESS_PNG_FILES = NO;
				ENABLE_BITCODE = NO;
				GCC_DYNAMIC_NO_PIC = NO;
				GCC_INLINES_ARE_PRIVATE_EXTERN = NO;
				GCC_PRECOMPILE_PREFIX_HEADER = YES;
				GCC_PREFIX_HEADER = ios/Prefix.pch;
				GCC_PREPROCESSOR_DEFINITIONS = (
					USE_FILE32API,
					CC_TARGET_OS_IPHONE,
					"COCOS2D_DEBUG=1",
					"CC_ENABLE_CHIPMUNK_INTEGRATION=1",
				);
				GCC_SYMBOLS_PRIVATE_EXTERN = NO;
				HEADER_SEARCH_PATHS = (
					"$(inherited)",
					"$(SRCROOT)/../cocos2d/cocos/platform/ios",
					"$(SRCROOT)/../cocos2d/cocos/platform/ios/Simulation",
				);
				INFOPLIST_FILE = ios/Info.plist;
				IPHONEOS_DEPLOYMENT_TARGET = 6.0;
				LIBRARY_SEARCH_PATHS = "";
				OTHER_LDFLAGS = (
					"$(_COCOS_LIB_IOS_BEGIN)",
					"$(_COCOS_LIB_IOS_END)",
				);
				PRODUCT_BUNDLE_IDENTIFIER = jqp.MerryChristmas.com;
				PROVISIONING_PROFILE = "";
				SDKROOT = iphoneos;
				TARGETED_DEVICE_FAMILY = "1,2";
				USER_HEADER_SEARCH_PATHS = "$(_COCOS_HEADER_IOS_BEGIN) $(_COCOS_HEADER_IOS_END)";
				VALID_ARCHS = "arm64 armv7";
			};
			name = Debug;
		};
		1D6058950D05DD3E006BFB54 /* Release */ = {
			isa = XCBuildConfiguration;
			buildSettings = {
				ALWAYS_SEARCH_USER_PATHS = YES;
				CODE_SIGN_IDENTITY = "iPhone Developer";
				"CODE_SIGN_IDENTITY[sdk=iphoneos*]" = "iPhone Developer";
				COMPRESS_PNG_FILES = NO;
				ENABLE_BITCODE = NO;
				GCC_INLINES_ARE_PRIVATE_EXTERN = NO;
				GCC_PRECOMPILE_PREFIX_HEADER = YES;
				GCC_PREFIX_HEADER = ios/Prefix.pch;
				GCC_PREPROCESSOR_DEFINITIONS = (
					USE_FILE32API,
					CC_TARGET_OS_IPHONE,
					"CC_ENABLE_CHIPMUNK_INTEGRATION=1",
				);
				GCC_SYMBOLS_PRIVATE_EXTERN = NO;
				HEADER_SEARCH_PATHS = (
					"$(inherited)",
					"$(SRCROOT)/../cocos2d/cocos/platform/ios",
					"$(SRCROOT)/../cocos2d/cocos/platform/ios/Simulation",
				);
				INFOPLIST_FILE = ios/Info.plist;
				IPHONEOS_DEPLOYMENT_TARGET = 6.0;
				LIBRARY_SEARCH_PATHS = "";
				OTHER_LDFLAGS = (
					"$(_COCOS_LIB_IOS_BEGIN)",
					"$(_COCOS_LIB_IOS_END)",
				);
				PRODUCT_BUNDLE_IDENTIFIER = jqp.MerryChristmas.com;
				PROVISIONING_PROFILE = "";
				SDKROOT = iphoneos;
				TARGETED_DEVICE_FAMILY = "1,2";
				USER_HEADER_SEARCH_PATHS = "$(_COCOS_HEADER_IOS_BEGIN) $(_COCOS_HEADER_IOS_END)";
				VALID_ARCHS = "arm64 armv7";
			};
			name = Release;
		};
		5087E76D17EB910900C73F5D /* Debug */ = {
			isa = XCBuildConfiguration;
			buildSettings = {
				ALWAYS_SEARCH_USER_PATHS = YES;
				ARCHS = "$(ARCHS_STANDARD_64_BIT)";
				CLANG_CXX_LANGUAGE_STANDARD = "c++0x";
				CLANG_CXX_LIBRARY = "libc++";
				GCC_DYNAMIC_NO_PIC = NO;
				GCC_INLINES_ARE_PRIVATE_EXTERN = NO;
				GCC_PRECOMPILE_PREFIX_HEADER = YES;
				GCC_PREFIX_HEADER = mac/Prefix.pch;
				GCC_PREPROCESSOR_DEFINITIONS = (
					USE_FILE32API,
					CC_TARGET_OS_MAC,
					"COCOS2D_DEBUG=1",
					"CC_ENABLE_CHIPMUNK_INTEGRATION=1",
				);
				GCC_SYMBOLS_PRIVATE_EXTERN = NO;
				HEADER_SEARCH_PATHS = (
					"$(inherited)",
					"$(SRCROOT)/../cocos2d/cocos/platform/mac",
					"$(SRCROOT)/../cocos2d/external/glfw3/include/mac",
				);
				INFOPLIST_FILE = mac/Info.plist;
				LIBRARY_SEARCH_PATHS = "";
				OTHER_LDFLAGS = (
					"$(_COCOS_LIB_MAC_BEGIN)",
					"$(_COCOS_LIB_MAC_END)",
				);
				USER_HEADER_SEARCH_PATHS = "$(_COCOS_HEADER_MAC_BEGIN) $(_COCOS_HEADER_MAC_END)";
			};
			name = Debug;
		};
		5087E76E17EB910900C73F5D /* Release */ = {
			isa = XCBuildConfiguration;
			buildSettings = {
				ALWAYS_SEARCH_USER_PATHS = YES;
				ARCHS = "$(ARCHS_STANDARD_64_BIT)";
				CLANG_CXX_LANGUAGE_STANDARD = "c++0x";
				CLANG_CXX_LIBRARY = "libc++";
				GCC_INLINES_ARE_PRIVATE_EXTERN = NO;
				GCC_PRECOMPILE_PREFIX_HEADER = YES;
				GCC_PREFIX_HEADER = mac/Prefix.pch;
				GCC_PREPROCESSOR_DEFINITIONS = (
					USE_FILE32API,
					CC_TARGET_OS_MAC,
					"CC_ENABLE_CHIPMUNK_INTEGRATION=1",
				);
				GCC_SYMBOLS_PRIVATE_EXTERN = NO;
				HEADER_SEARCH_PATHS = (
					"$(inherited)",
					"$(SRCROOT)/../cocos2d/cocos/platform/mac",
					"$(SRCROOT)/../cocos2d/external/glfw3/include/mac",
				);
				INFOPLIST_FILE = mac/Info.plist;
				LIBRARY_SEARCH_PATHS = "";
				OTHER_LDFLAGS = (
					"$(_COCOS_LIB_MAC_BEGIN)",
					"$(_COCOS_LIB_MAC_END)",
				);
				USER_HEADER_SEARCH_PATHS = "$(_COCOS_HEADER_MAC_BEGIN) $(_COCOS_HEADER_MAC_END)";
			};
			name = Release;
		};
		C01FCF4F08A954540054247B /* Debug */ = {
			isa = XCBuildConfiguration;
			buildSettings = {
				CLANG_CXX_LANGUAGE_STANDARD = "c++0x";
				CLANG_CXX_LIBRARY = "libc++";
				COPY_PHASE_STRIP = NO;
				GCC_OPTIMIZATION_LEVEL = 0;
				GCC_WARN_ABOUT_RETURN_TYPE = YES;
				GCC_WARN_UNUSED_VARIABLE = YES;
				HEADER_SEARCH_PATHS = (
					"$(SRCROOT)/../cocos2d",
					"$(SRCROOT)/../cocos2d/cocos",
					"$(SRCROOT)/../cocos2d/cocos/base",
					"$(SRCROOT)/../cocos2d/cocos/physics",
					"$(SRCROOT)/../cocos2d/cocos/math",
					"$(SRCROOT)/../cocos2d/cocos/2d",
					"$(SRCROOT)/../cocos2d/cocos/ui",
					"$(SRCROOT)/../cocos2d/cocos/network",
					"$(SRCROOT)/../cocos2d/cocos/audio/include",
					"$(SRCROOT)/../cocos2d/cocos/editor-support",
					"$(SRCROOT)/../cocos2d/extensions",
					"$(SRCROOT)/../cocos2d/external",
					"$(SRCROOT)/../cocos2d/external/chipmunk/include/chipmunk",
				);
				IPHONEOS_DEPLOYMENT_TARGET = 6.0;
				MACOSX_DEPLOYMENT_TARGET = 10.7;
				ONLY_ACTIVE_ARCH = YES;
				PRODUCT_NAME = "$(TARGET_NAME)";
				SDKROOT = macosx;
			};
			name = Debug;
		};
		C01FCF5008A954540054247B /* Release */ = {
			isa = XCBuildConfiguration;
			buildSettings = {
				CLANG_CXX_LANGUAGE_STANDARD = "c++0x";
				CLANG_CXX_LIBRARY = "libc++";
				GCC_WARN_ABOUT_RETURN_TYPE = YES;
				GCC_WARN_UNUSED_VARIABLE = YES;
				HEADER_SEARCH_PATHS = (
					"$(SRCROOT)/../cocos2d",
					"$(SRCROOT)/../cocos2d/cocos",
					"$(SRCROOT)/../cocos2d/cocos/base",
					"$(SRCROOT)/../cocos2d/cocos/physics",
					"$(SRCROOT)/../cocos2d/cocos/math",
					"$(SRCROOT)/../cocos2d/cocos/2d",
					"$(SRCROOT)/../cocos2d/cocos/ui",
					"$(SRCROOT)/../cocos2d/cocos/network",
					"$(SRCROOT)/../cocos2d/cocos/audio/include",
					"$(SRCROOT)/../cocos2d/cocos/editor-support",
					"$(SRCROOT)/../cocos2d/extensions",
					"$(SRCROOT)/../cocos2d/external",
					"$(SRCROOT)/../cocos2d/external/chipmunk/include/chipmunk",
				);
				IPHONEOS_DEPLOYMENT_TARGET = 6.0;
				MACOSX_DEPLOYMENT_TARGET = 10.7;
				OTHER_CFLAGS = "-DNS_BLOCK_ASSERTIONS=1";
				PRODUCT_NAME = "$(TARGET_NAME)";
				SDKROOT = macosx;
				VALIDATE_PRODUCT = YES;
			};
			name = Release;
		};
/* End XCBuildConfiguration section */

/* Begin XCConfigurationList section */
		1D6058960D05DD3E006BFB54 /* Build configuration list for PBXNativeTarget "CocosSceneAlter-mobile" */ = {
			isa = XCConfigurationList;
			buildConfigurations = (
				1D6058940D05DD3E006BFB54 /* Debug */,
				1D6058950D05DD3E006BFB54 /* Release */,
			);
			defaultConfigurationIsVisible = 0;
			defaultConfigurationName = Debug;
		};
		5087E76C17EB910900C73F5D /* Build configuration list for PBXNativeTarget "CocosSceneAlter-desktop" */ = {
			isa = XCConfigurationList;
			buildConfigurations = (
				5087E76D17EB910900C73F5D /* Debug */,
				5087E76E17EB910900C73F5D /* Release */,
			);
			defaultConfigurationIsVisible = 0;
			defaultConfigurationName = Debug;
		};
		C01FCF4E08A954540054247B /* Build configuration list for PBXProject "CocosSceneAlter" */ = {
			isa = XCConfigurationList;
			buildConfigurations = (
				C01FCF4F08A954540054247B /* Debug */,
				C01FCF5008A954540054247B /* Release */,
			);
			defaultConfigurationIsVisible = 0;
			defaultConfigurationName = Debug;
		};
/* End XCConfigurationList section */
	};
	rootObject = 29B97313FDCFA39411CA2CEA /* Project object */;
}
